
Microsoft Visual Studio Solution File, Format Version 12.00
# Visual Studio Version 18
VisualStudioVersion = 18.3.11520.95 d18.3
MinimumVisualStudioVersion = 10.0.40219.1
Project("{FAE04EC0-301F-11D3-BF4B-00C04F79EFBC}") = "BlogRealtime.Api", "BlogRealtime.Api\BlogRealtime.Api.csproj", "{B56E64D9-5B46-48A3-B2F5-322C577E1136}"
EndProject
Project("{2150E333-8FDC-42A3-9474-1A3956D46DE8}") = "Presentation", "Presentation", "{8614A569-EA58-4FA0-920B-1A9560879FE8}"
EndProject
Project("{2150E333-8FDC-42A3-9474-1A3956D46DE8}") = "Domain", "Domain", "{038F78D1-7E17-47D0-9E06-4EFAB8131197}"
EndProject
Project("{2150E333-8FDC-42A3-9474-1A3956D46DE8}") = "Infra", "Infra", "{2289B9E8-BD08-42B7-A305-99016D1B079F}"
EndProject
Project("{FAE04EC0-301F-11D3-BF4B-00C04F79EFBC}") = "BlogRealtime.Domain", "BlogRealtime.Domain\BlogRealtime.Domain.csproj", "{CD46270D-ECC4-4EE3-843F-0B20AC975A4E}"
EndProject
Project("{FAE04EC0-301F-11D3-BF4B-00C04F79EFBC}") = "BlogRealtime.Infra", "BlogRealtime.Infra\BlogRealtime.Infra.csproj", "{511FF797-471F-48C3-B0D9-4EA38DA46F4D}"
EndProject
Global
	GlobalSection(SolutionConfigurationPlatforms) = preSolution
		Debug|Any CPU = Debug|Any CPU
		Debug|x64 = Debug|x64
		Debug|x86 = Debug|x86
		Release|Any CPU = Release|Any CPU
		Release|x64 = Release|x64
		Release|x86 = Release|x86
	EndGlobalSection
	GlobalSection(ProjectConfigurationPlatforms) = postSolution
		{B56E64D9-5B46-48A3-B2F5-322C577E1136}.Debug|Any CPU.ActiveCfg = Debug|Any CPU
		{B56E64D9-5B46-48A3-B2F5-322C577E1136}.Debug|Any CPU.Build.0 = Debug|Any CPU
		{B56E64D9-5B46-48A3-B2F5-322C577E1136}.Debug|x64.ActiveCfg = Debug|Any CPU
		{B56E64D9-5B46-48A3-B2F5-322C577E1136}.Debug|x64.Build.0 = Debug|Any CPU
		{B56E64D9-5B46-48A3-B2F5-322C577E1136}.Debug|x86.ActiveCfg = Debug|Any CPU
		{B56E64D9-5B46-48A3-B2F5-322C577E1136}.Debug|x86.Build.0 = Debug|Any CPU
		{B56E64D9-5B46-48A3-B2F5-322C577E1136}.Release|Any CPU.ActiveCfg = Release|Any CPU
		{B56E64D9-5B46-48A3-B2F5-322C577E1136}.Release|Any CPU.Build.0 = Release|Any CPU
		{B56E64D9-5B46-48A3-B2F5-322C577E1136}.Release|x64.ActiveCfg = Release|Any CPU
		{B56E64D9-5B46-48A3-B2F5-322C577E1136}.Release|x64.Build.0 = Release|Any CPU
		{B56E64D9-5B46-48A3-B2F5-322C577E1136}.Release|x86.ActiveCfg = Release|Any CPU
		{B56E64D9-5B46-48A3-B2F5-322C577E1136}.Release|x86.Build.0 = Release|Any CPU
		{CD46270D-ECC4-4EE3-843F-0B20AC975A4E}.Debug|Any CPU.ActiveCfg = Debug|Any CPU
		{CD46270D-ECC4-4EE3-843F-0B20AC975A4E}.Debug|Any CPU.Build.0 = Debug|Any CPU
		{CD46270D-ECC4-4EE3-843F-0B20AC975A4E}.Debug|x64.ActiveCfg = Debug|Any CPU
		{CD46270D-ECC4-4EE3-843F-0B20AC975A4E}.Debug|x64.Build.0 = Debug|Any CPU
		{CD46270D-ECC4-4EE3-843F-0B20AC975A4E}.Debug|x86.ActiveCfg = Debug|Any CPU
		{CD46270D-ECC4-4EE3-843F-0B20AC975A4E}.Debug|x86.Build.0 = Debug|Any CPU
		{CD46270D-ECC4-4EE3-843F-0B20AC975A4E}.Release|Any CPU.ActiveCfg = Release|Any CPU
		{CD46270D-ECC4-4EE3-843F-0B20AC975A4E}.Release|Any CPU.Build.0 = Release|Any CPU
		{CD46270D-ECC4-4EE3-843F-0B20AC975A4E}.Release|x64.ActiveCfg = Release|Any CPU
		{CD46270D-ECC4-4EE3-843F-0B20AC975A4E}.Release|x64.Build.0 = Release|Any CPU
		{CD46270D-ECC4-4EE3-843F-0B20AC975A4E}.Release|x86.ActiveCfg = Release|Any CPU
		{CD46270D-ECC4-4EE3-843F-0B20AC975A4E}.Release|x86.Build.0 = Release|Any CPU
		{511FF797-471F-48C3-B0D9-4EA38DA46F4D}.Debug|Any CPU.ActiveCfg = Debug|Any CPU
		{511FF797-471F-48C3-B0D9-4EA38DA46F4D}.Debug|Any CPU.Build.0 = Debug|Any CPU
		{511FF797-471F-48C3-B0D9-4EA38DA46F4D}.Debug|x64.ActiveCfg = Debug|Any CPU
		{511FF797-471F-48C3-B0D9-4EA38DA46F4D}.Debug|x64.Build.0 = Debug|Any CPU
		{511FF797-471F-48C3-B0D9-4EA38DA46F4D}.Debug|x86.ActiveCfg = Debug|Any CPU
		{511FF797-471F-48C3-B0D9-4EA38DA46F4D}.Debug|x86.Build.0 = Debug|Any CPU
		{511FF797-471F-48C3-B0D9-4EA38DA46F4D}.Release|Any CPU.ActiveCfg = Release|Any CPU
		{511FF797-471F-48C3-B0D9-4EA38DA46F4D}.Release|Any CPU.Build.0 = Release|Any CPU
		{511FF797-471F-48C3-B0D9-4EA38DA46F4D}.Release|x64.ActiveCfg = Release|Any CPU
		{511FF797-471F-48C3-B0D9-4EA38DA46F4D}.Release|x64.Build.0 = Release|Any CPU
		{511FF797-471F-48C3-B0D9-4EA38DA46F4D}.Release|x86.ActiveCfg = Release|Any CPU
		{511FF797-471F-48C3-B0D9-4EA38DA46F4D}.Release|x86.Build.0 = Release|Any CPU
	EndGlobalSection
	GlobalSection(SolutionProperties) = preSolution
		HideSolutionNode = FALSE
	EndGlobalSection
	GlobalSection(NestedProjects) = preSolution
		{B56E64D9-5B46-48A3-B2F5-322C577E1136} = {8614A569-EA58-4FA0-920B-1A9560879FE8}
		{CD46270D-ECC4-4EE3-843F-0B20AC975A4E} = {038F78D1-7E17-47D0-9E06-4EFAB8131197}
		{511FF797-471F-48C3-B0D9-4EA38DA46F4D} = {2289B9E8-BD08-42B7-A305-99016D1B079F}
	EndGlobalSection
	GlobalSection(ExtensibilityGlobals) = postSolution
		SolutionGuid = {02664286-C199-44E7-A971-02979254EFD5}
	EndGlobalSection
EndGlobal
